
Microsoft Visual Studio Solution File, Format Version 12.00
# Visual Studio Version 17
VisualStudioVersion = 17.12.35707.178 d17.12
MinimumVisualStudioVersion = 10.0.40219.1
Project("{8BC9CEB8-8B4A-11D0-8D11-00A0C91BC942}") = "signtoolrdp", "signtoolrdp.vcxproj", "{6814E2B8-A15D-4B25-AAF3-5532D5A9C260}"
EndProject
Global
	GlobalSection(SolutionConfigurationPlatforms) = preSolution
		Debug|x64 = Debug|x64
		Debug|x86 = Debug|x86
		Release|x64 = Release|x64
		Release|x86 = Release|x86
	EndGlobalSection
	GlobalSection(ProjectConfigurationPlatforms) = postSolution
		{6814E2B8-A15D-4B25-AAF3-5532D5A9C260}.Debug|x64.ActiveCfg = Debug|x64
		{6814E2B8-A15D-4B25-AAF3-5532D5A9C260}.Debug|x64.Build.0 = Debug|x64
		{6814E2B8-A15D-4B25-AAF3-5532D5A9C260}.Debug|x86.ActiveCfg = Debug|Win32
		{6814E2B8-A15D-4B25-AAF3-5532D5A9C260}.Debug|x86.Build.0 = Debug|Win32
		{6814E2B8-A15D-4B25-AAF3-5532D5A9C260}.Release|x64.ActiveCfg = Release|x64
		{6814E2B8-A15D-4B25-AAF3-5532D5A9C260}.Release|x64.Build.0 = Release|x64
		{6814E2B8-A15D-4B25-AAF3-5532D5A9C260}.Release|x86.ActiveCfg = Release|Win32
		{6814E2B8-A15D-4B25-AAF3-5532D5A9C260}.Release|x86.Build.0 = Release|Win32
	EndGlobalSection
	GlobalSection(SolutionProperties) = preSolution
		HideSolutionNode = FALSE
	EndGlobalSection
EndGlobal
